
Microsoft Visual Studio Solution File, Format Version 12.00
Project("{FAE04EC0-301F-11D3-BF4B-00C04F79EFBC}") = "VContainer.Standalone", "VContainer.Standalone\VContainer.Standalone.csproj", "{799DADAC-51EB-4039-8DAB-323DA3638F50}"
EndProject
Project("{FAE04EC0-301F-11D3-BF4B-00C04F79EFBC}") = "VContainer.SourceGenerator.Roslyn3", "VContainer.SourceGenerator.Roslyn3\VContainer.SourceGenerator.Roslyn3.csproj", "{F80B5656-2CC8-425D-B140-DDCF2A1CA6CF}"
EndProject
Project("{FAE04EC0-301F-11D3-BF4B-00C04F79EFBC}") = "VContainer.SourceGenerator", "VContainer.SourceGenerator\VContainer.SourceGenerator.csproj", "{FB341B09-8197-45B1-92AC-22D5385FC187}"
EndProject
Project("{2150E333-8FDC-42A3-9474-1A3956D46DE8}") = "tests", "tests", "{8519382C-D1E4-41D3-B5F0-931A273D78B2}"
EndProject
Project("{FAE04EC0-301F-11D3-BF4B-00C04F79EFBC}") = "VContainer.StandaloneTests", "tests\VContainer.StandaloneTests\VContainer.StandaloneTests.csproj", "{2B088390-5289-4E81-90ED-839C8F4242BE}"
EndProject
Global
	GlobalSection(SolutionConfigurationPlatforms) = preSolution
		Debug|Any CPU = Debug|Any CPU
		Release|Any CPU = Release|Any CPU
	EndGlobalSection
	GlobalSection(ProjectConfigurationPlatforms) = postSolution
		{799DADAC-51EB-4039-8DAB-323DA3638F50}.Debug|Any CPU.ActiveCfg = Debug|Any CPU
		{799DADAC-51EB-4039-8DAB-323DA3638F50}.Debug|Any CPU.Build.0 = Debug|Any CPU
		{799DADAC-51EB-4039-8DAB-323DA3638F50}.Release|Any CPU.ActiveCfg = Release|Any CPU
		{799DADAC-51EB-4039-8DAB-323DA3638F50}.Release|Any CPU.Build.0 = Release|Any CPU
		{F80B5656-2CC8-425D-B140-DDCF2A1CA6CF}.Debug|Any CPU.ActiveCfg = Debug|Any CPU
		{F80B5656-2CC8-425D-B140-DDCF2A1CA6CF}.Debug|Any CPU.Build.0 = Debug|Any CPU
		{F80B5656-2CC8-425D-B140-DDCF2A1CA6CF}.Release|Any CPU.ActiveCfg = Release|Any CPU
		{F80B5656-2CC8-425D-B140-DDCF2A1CA6CF}.Release|Any CPU.Build.0 = Release|Any CPU
		{FB341B09-8197-45B1-92AC-22D5385FC187}.Debug|Any CPU.ActiveCfg = Debug|Any CPU
		{FB341B09-8197-45B1-92AC-22D5385FC187}.Debug|Any CPU.Build.0 = Debug|Any CPU
		{FB341B09-8197-45B1-92AC-22D5385FC187}.Release|Any CPU.ActiveCfg = Release|Any CPU
		{FB341B09-8197-45B1-92AC-22D5385FC187}.Release|Any CPU.Build.0 = Release|Any CPU
		{2B088390-5289-4E81-90ED-839C8F4242BE}.Debug|Any CPU.ActiveCfg = Debug|Any CPU
		{2B088390-5289-4E81-90ED-839C8F4242BE}.Debug|Any CPU.Build.0 = Debug|Any CPU
		{2B088390-5289-4E81-90ED-839C8F4242BE}.Release|Any CPU.ActiveCfg = Release|Any CPU
		{2B088390-5289-4E81-90ED-839C8F4242BE}.Release|Any CPU.Build.0 = Release|Any CPU
	EndGlobalSection
	GlobalSection(NestedProjects) = preSolution
		{2B088390-5289-4E81-90ED-839C8F4242BE} = {8519382C-D1E4-41D3-B5F0-931A273D78B2}
	EndGlobalSection
EndGlobal
